// !$*UTF8*$!
{
	archiveVersion = 1;
	classes = {
	};
	objectVersion = 77;
	objects = {

/* Begin PBXContainerItemProxy section */
		D8F255C72CDC9CC800A283AD /* PBXContainerItemProxy */ = {
			isa = PBXContainerItemProxy;
			containerPortal = D8F255AA2CDC9CC600A283AD /* Project object */;
			proxyType = 1;
			remoteGlobalIDString = D8F255B12CDC9CC600A283AD;
			remoteInfo = AnkiMate;
		};
		D8F255D12CDC9CC800A283AD /* PBXContainerItemProxy */ = {
			isa = PBXContainerItemProxy;
			containerPortal = D8F255AA2CDC9CC600A283AD /* Project object */;
			proxyType = 1;
			remoteGlobalIDString = D8F255B12CDC9CC600A283AD;
			remoteInfo = AnkiMate;
		};
/* End PBXContainerItemProxy section */

/* Begin PBXFileReference section */
		D8F255B22CDC9CC600A283AD /* AnkiMate.app */ = {isa = PBXFileReference; explicitFileType = wrapper.application; includeInIndex = 0; path = AnkiMate.app; sourceTree = BUILT_PRODUCTS_DIR; };
		D8F255C62CDC9CC800A283AD /* AnkiMateTests.xctest */ = {isa = PBXFileReference; explicitFileType = wrapper.cfbundle; includeInIndex = 0; path = AnkiMateTests.xctest; sourceTree = BUILT_PRODUCTS_DIR; };
		D8F255D02CDC9CC800A283AD /* AnkiMateUITests.xctest */ = {isa = PBXFileReference; explicitFileType = wrapper.cfbundle; includeInIndex = 0; path = AnkiMateUITests.xctest; sourceTree = BUILT_PRODUCTS_DIR; };
/* End PBXFileReference section */

/* Begin PBXFileSystemSynchronizedBuildFileExceptionSet section */
		D8F255D82CDC9CC800A283AD /* Exceptions for "AnkiMate" folder in "AnkiMate" target */ = {
			isa = PBXFileSystemSynchronizedBuildFileExceptionSet;
			membershipExceptions = (
				Info.plist,
			);
			target = D8F255B12CDC9CC600A283AD /* AnkiMate */;
		};
/* End PBXFileSystemSynchronizedBuildFileExceptionSet section */

/* Begin PBXFileSystemSynchronizedRootGroup section */
		D8F255B42CDC9CC600A283AD /* AnkiMate */ = {
			isa = PBXFileSystemSynchronizedRootGroup;
			exceptions = (
				D8F255D82CDC9CC800A283AD /* Exceptions for "AnkiMate" folder in "AnkiMate" target */,
			);
			path = AnkiMate;
			sourceTree = "<group>";
		};
		D8F255C92CDC9CC800A283AD /* AnkiMateTests */ = {
			isa = PBXFileSystemSynchronizedRootGroup;
			path = AnkiMateTests;
			sourceTree = "<group>";
		};
		D8F255D32CDC9CC800A283AD /* AnkiMateUITests */ = {
			isa = PBXFileSystemSynchronizedRootGroup;
			path = AnkiMateUITests;
			sourceTree = "<group>";
		};
/* End PBXFileSystemSynchronizedRootGroup section */

/* Begin PBXFrameworksBuildPhase section */
		D8F255AF2CDC9CC600A283AD /* Frameworks */ = {
			isa = PBXFrameworksBuildPhase;
			buildActionMask = 2147483647;
			files = (
			);
			runOnlyForDeploymentPostprocessing = 0;
		};
		D8F255C32CDC9CC800A283AD /* Frameworks */ = {
			isa = PBXFrameworksBuildPhase;
			buildActionMask = 2147483647;
			files = (
			);
			runOnlyForDeploymentPostprocessing = 0;
		};
		D8F255CD2CDC9CC800A283AD /* Frameworks */ = {
			isa = PBXFrameworksBuildPhase;
			buildActionMask = 2147483647;
			files = (
			);
			runOnlyForDeploymentPostprocessing = 0;
		};
/* End PBXFrameworksBuildPhase section */

/* Begin PBXGroup section */
		D8F255A92CDC9CC600A283AD = {
			isa = PBXGroup;
			children = (
				D8F255B42CDC9CC600A283AD /* AnkiMate */,
				D8F255C92CDC9CC800A283AD /* AnkiMateTests */,
				D8F255D32CDC9CC800A283AD /* AnkiMateUITests */,
				D8F255B32CDC9CC600A283AD /* Products */,
			);
			sourceTree = "<group>";
		};
		D8F255B32CDC9CC600A283AD /* Products */ = {
			isa = PBXGroup;
			children = (
				D8F255B22CDC9CC600A283AD /* AnkiMate.app */,
				D8F255C62CDC9CC800A283AD /* AnkiMateTests.xctest */,
				D8F255D02CDC9CC800A283AD /* AnkiMateUITests.xctest */,
			);
			name = Products;
			sourceTree = "<group>";
		};
/* End PBXGroup section */

/* Begin PBXNativeTarget section */
		D8F255B12CDC9CC600A283AD /* AnkiMate */ = {
			isa = PBXNativeTarget;
			buildConfigurationList = D8F255D92CDC9CC800A283AD /* Build configuration list for PBXNativeTarget "AnkiMate" */;
			buildPhases = (
				D8F255AE2CDC9CC600A283AD /* Sources */,
				D8F255AF2CDC9CC600A283AD /* Frameworks */,
				D8F255B02CDC9CC600A283AD /* Resources */,
			);
			buildRules = (
			);
			dependencies = (
			);
			fileSystemSynchronizedGroups = (
				D8F255B42CDC9CC600A283AD /* AnkiMate */,
			);
			name = AnkiMate;
			packageProductDependencies = (
			);
			productName = AnkiMate;
			productReference = D8F255B22CDC9CC600A283AD /* AnkiMate.app */;
			productType = "com.apple.product-type.application";
		};
		D8F255C52CDC9CC800A283AD /* AnkiMateTests */ = {
			isa = PBXNativeTarget;
			buildConfigurationList = D8F255DE2CDC9CC800A283AD /* Build configuration list for PBXNativeTarget "AnkiMateTests" */;
			buildPhases = (
				D8F255C22CDC9CC800A283AD /* Sources */,
				D8F255C32CDC9CC800A283AD /* Frameworks */,
				D8F255C42CDC9CC800A283AD /* Resources */,
			);
			buildRules = (
			);
			dependencies = (
				D8F255C82CDC9CC800A283AD /* PBXTargetDependency */,
			);
			fileSystemSynchronizedGroups = (
				D8F255C92CDC9CC800A283AD /* AnkiMateTests */,
			);
			name = AnkiMateTests;
			packageProductDependencies = (
			);
			productName = AnkiMateTests;
			productReference = D8F255C62CDC9CC800A283AD /* AnkiMateTests.xctest */;
			productType = "com.apple.product-type.bundle.unit-test";
		};
		D8F255CF2CDC9CC800A283AD /* AnkiMateUITests */ = {
			isa = PBXNativeTarget;
			buildConfigurationList = D8F255E12CDC9CC800A283AD /* Build configuration list for PBXNativeTarget "AnkiMateUITests" */;
			buildPhases = (
				D8F255CC2CDC9CC800A283AD /* Sources */,
				D8F255CD2CDC9CC800A283AD /* Frameworks */,
				D8F255CE2CDC9CC800A283AD /* Resources */,
			);
			buildRules = (
			);
			dependencies = (
				D8F255D22CDC9CC800A283AD /* PBXTargetDependency */,
			);
			fileSystemSynchronizedGroups = (
				D8F255D32CDC9CC800A283AD /* AnkiMateUITests */,
			);
			name = AnkiMateUITests;
			packageProductDependencies = (
			);
			productName = AnkiMateUITests;
			productReference = D8F255D02CDC9CC800A283AD /* AnkiMateUITests.xctest */;
			productType = "com.apple.product-type.bundle.ui-testing";
		};
/* End PBXNativeTarget section */

/* Begin PBXProject section */
		D8F255AA2CDC9CC600A283AD /* Project object */ = {
			isa = PBXProject;
			attributes = {
				BuildIndependentTargetsInParallel = 1;
				LastSwiftUpdateCheck = 1610;
				LastUpgradeCheck = 1610;
				TargetAttributes = {
					D8F255B12CDC9CC600A283AD = {
						CreatedOnToolsVersion = 16.1;
					};
					D8F255C52CDC9CC800A283AD = {
						CreatedOnToolsVersion = 16.1;
						TestTargetID = D8F255B12CDC9CC600A283AD;
					};
					D8F255CF2CDC9CC800A283AD = {
						CreatedOnToolsVersion = 16.1;
						TestTargetID = D8F255B12CDC9CC600A283AD;
					};
				};
			};
			buildConfigurationList = D8F255AD2CDC9CC600A283AD /* Build configuration list for PBXProject "AnkiMate" */;
			developmentRegion = en;
			hasScannedForEncodings = 0;
			knownRegions = (
				en,
				Base,
			);
			mainGroup = D8F255A92CDC9CC600A283AD;
			minimizedProjectReferenceProxies = 1;
			preferredProjectObjectVersion = 77;
			productRefGroup = D8F255B32CDC9CC600A283AD /* Products */;
			projectDirPath = "";
			projectRoot = "";
			targets = (
				D8F255B12CDC9CC600A283AD /* AnkiMate */,
				D8F255C52CDC9CC800A283AD /* AnkiMateTests */,
				D8F255CF2CDC9CC800A283AD /* AnkiMateUITests */,
			);
		};
/* End PBXProject section */

/* Begin PBXResourcesBuildPhase section */
		D8F255B02CDC9CC600A283AD /* Resources */ = {
			isa = PBXResourcesBuildPhase;
			buildActionMask = 2147483647;
			files = (
			);
			runOnlyForDeploymentPostprocessing = 0;
		};
		D8F255C42CDC9CC800A283AD /* Resources */ = {
			isa = PBXResourcesBuildPhase;
			buildActionMask = 2147483647;
			files = (
			);
			runOnlyForDeploymentPostprocessing = 0;
		};
		D8F255CE2CDC9CC800A283AD /* Resources */ = {
			isa = PBXResourcesBuildPhase;
			buildActionMask = 2147483647;
			files = (
			);
			runOnlyForDeploymentPostprocessing = 0;
		};
/* End PBXResourcesBuildPhase section */

/* Begin PBXSourcesBuildPhase section */
		D8F255AE2CDC9CC600A283AD /* Sources */ = {
			isa = PBXSourcesBuildPhase;
			buildActionMask = 2147483647;
			files = (
			);
			runOnlyForDeploymentPostprocessing = 0;
		};
		D8F255C22CDC9CC800A283AD /* Sources */ = {
			isa = PBXSourcesBuildPhase;
			buildActionMask = 2147483647;
			files = (
			);
			runOnlyForDeploymentPostprocessing = 0;
		};
		D8F255CC2CDC9CC800A283AD /* Sources */ = {
			isa = PBXSourcesBuildPhase;
			buildActionMask = 2147483647;
			files = (
			);
			runOnlyForDeploymentPostprocessing = 0;
		};
/* End PBXSourcesBuildPhase section */

/* Begin PBXTargetDependency section */
		D8F255C82CDC9CC800A283AD /* PBXTargetDependency */ = {
			isa = PBXTargetDependency;
			target = D8F255B12CDC9CC600A283AD /* AnkiMate */;
			targetProxy = D8F255C72CDC9CC800A283AD /* PBXContainerItemProxy */;
		};
		D8F255D22CDC9CC800A283AD /* PBXTargetDependency */ = {
			isa = PBXTargetDependency;
			target = D8F255B12CDC9CC600A283AD /* AnkiMate */;
			targetProxy = D8F255D12CDC9CC800A283AD /* PBXContainerItemProxy */;
		};
/* End PBXTargetDependency section */

/* Begin XCBuildConfiguration section */
		D8F255DA2CDC9CC800A283AD /* Debug */ = {
			isa = XCBuildConfiguration;
			buildSettings = {
				ASSETCATALOG_COMPILER_APPICON_NAME = AppIcon;
				ASSETCATALOG_COMPILER_GLOBAL_ACCENT_COLOR_NAME = AccentColor;
				CODE_SIGN_ENTITLEMENTS = AnkiMate/AnkiMate.entitlements;
				CODE_SIGN_STYLE = Automatic;
				CURRENT_PROJECT_VERSION = 1;
				DEVELOPMENT_ASSET_PATHS = "\"AnkiMate/Preview Content\"";
				DEVELOPMENT_TEAM = C7HPXBX4D7;
				ENABLE_PREVIEWS = YES;
				GENERATE_INFOPLIST_FILE = YES;
				INFOPLIST_FILE = AnkiMate/Info.plist;
				INFOPLIST_KEY_CFBundleDisplayName = "Anki Mate";
				INFOPLIST_KEY_LSApplicationCategoryType = "public.app-category.education";
				INFOPLIST_KEY_UIApplicationSceneManifest_Generation = YES;
				INFOPLIST_KEY_UIApplicationSupportsIndirectInputEvents = YES;
				INFOPLIST_KEY_UILaunchScreen_Generation = YES;
				INFOPLIST_KEY_UISupportedInterfaceOrientations = UIInterfaceOrientationPortrait;
				INFOPLIST_KEY_UISupportedInterfaceOrientations_iPad = "UIInterfaceOrientationLandscapeLeft UIInterfaceOrientationLandscapeRight UIInterfaceOrientationPortrait UIInterfaceOrientationPortraitUpsideDown";
				IPHONEOS_DEPLOYMENT_TARGET = 18.0;
				LD_RUNPATH_SEARCH_PATHS = (
					"$(inherited)",
					"@executable_path/Frameworks",
				);
				MARKETING_VERSION = 1.0;
				PRODUCT_BUNDLE_IDENTIFIER = com.sunrizz.AnkiMate;
				PRODUCT_NAME = "$(TARGET_NAME)";
				SUPPORTED_PLATFORMS = "iphoneos iphonesimulator";
				SUPPORTS_MACCATALYST = NO;
				SUPPORTS_MAC_DESIGNED_FOR_IPHONE_IPAD = NO;
				SUPPORTS_XR_DESIGNED_FOR_IPHONE_IPAD = NO;
				SWIFT_EMIT_LOC_STRINGS = YES;
				SWIFT_VERSION = 5.0;
				TARGETED_DEVICE_FAMILY = 1;
			};
			name = Debug;
		};
		D8F255DB2CDC9CC800A283AD /* Release */ = {
			isa = XCBuildConfiguration;
			buildSettings = {
				ASSETCATALOG_COMPILER_APPICON_NAME = AppIcon;
				ASSETCATALOG_COMPILER_GLOBAL_ACCENT_COLOR_NAME = AccentColor;
				CODE_SIGN_ENTITLEMENTS = AnkiMate/AnkiMate.entitlements;
				CODE_SIGN_STYLE = Automatic;
				CURRENT_PROJECT_VERSION = 1;
				DEVELOPMENT_ASSET_PATHS = "\"AnkiMate/Preview Content\"";
				DEVELOPMENT_TEAM = C7HPXBX4D7;
				ENABLE_PREVIEWS = YES;
				GENERATE_INFOPLIST_FILE = YES;
				INFOPLIST_FILE = AnkiMate/Info.plist;
				INFOPLIST_KEY_CFBundleDisplayName = "Anki Mate";
				INFOPLIST_KEY_LSApplicationCategoryType = "public.app-category.education";
				INFOPLIST_KEY_UIApplicationSceneManifest_Generation = YES;
				INFOPLIST_KEY_UIApplicationSupportsIndirectInputEvents = YES;
				INFOPLIST_KEY_UILaunchScreen_Generation = YES;
				INFOPLIST_KEY_UISupportedInterfaceOrientations = UIInterfaceOrientationPortrait;
				INFOPLIST_KEY_UISupportedInterfaceOrientations_iPad = "UIInterfaceOrientationLandscapeLeft UIInterfaceOrientationLandscapeRight UIInterfaceOrientationPortrait UIInterfaceOrientationPortraitUpsideDown";
				IPHONEOS_DEPLOYMENT_TARGET = 18.0;
				LD_RUNPATH_SEARCH_PATHS = (
					"$(inherited)",
					"@executable_path/Frameworks",
				);
				MARKETING_VERSION = 1.0;
				PRODUCT_BUNDLE_IDENTIFIER = com.sunrizz.AnkiMate;
				PRODUCT_NAME = "$(TARGET_NAME)";
				SUPPORTED_PLATFORMS = "iphoneos iphonesimulator";
				SUPPORTS_MACCATALYST = NO;
				SUPPORTS_MAC_DESIGNED_FOR_IPHONE_IPAD = NO;
				SUPPORTS_XR_DESIGNED_FOR_IPHONE_IPAD = NO;
				SWIFT_EMIT_LOC_STRINGS = YES;
				SWIFT_VERSION = 5.0;
				TARGETED_DEVICE_FAMILY = 1;
			};
			name = Release;
		};
		D8F255DC2CDC9CC800A283AD /* Debug */ = {
			isa = XCBuildConfiguration;
			buildSettings = {
				ALWAYS_SEARCH_USER_PATHS = NO;
				ASSETCATALOG_COMPILER_GENERATE_SWIFT_ASSET_SYMBOL_EXTENSIONS = YES;
				CLANG_ANALYZER_NONNULL = YES;
				CLANG_ANALYZER_NUMBER_OBJECT_CONVERSION = YES_AGGRESSIVE;
				CLANG_CXX_LANGUAGE_STANDARD = "gnu++20";
				CLANG_ENABLE_MODULES = YES;
				CLANG_ENABLE_OBJC_ARC = YES;
				CLANG_ENABLE_OBJC_WEAK = YES;
				CLANG_WARN_BLOCK_CAPTURE_AUTORELEASING = YES;
				CLANG_WARN_BOOL_CONVERSION = YES;
				CLANG_WARN_COMMA = YES;
				CLANG_WARN_CONSTANT_CONVERSION = YES;
				CLANG_WARN_DEPRECATED_OBJC_IMPLEMENTATIONS = YES;
				CLANG_WARN_DIRECT_OBJC_ISA_USAGE = YES_ERROR;
				CLANG_WARN_DOCUMENTATION_COMMENTS = YES;
				CLANG_WARN_EMPTY_BODY = YES;
				CLANG_WARN_ENUM_CONVERSION = YES;
				CLANG_WARN_INFINITE_RECURSION = YES;
				CLANG_WARN_INT_CONVERSION = YES;
				CLANG_WARN_NON_LITERAL_NULL_CONVERSION = YES;
				CLANG_WARN_OBJC_IMPLICIT_RETAIN_SELF = YES;
				CLANG_WARN_OBJC_LITERAL_CONVERSION = YES;
				CLANG_WARN_OBJC_ROOT_CLASS = YES_ERROR;
				CLANG_WARN_QUOTED_INCLUDE_IN_FRAMEWORK_HEADER = YES;
				CLANG_WARN_RANGE_LOOP_ANALYSIS = YES;
				CLANG_WARN_STRICT_PROTOTYPES = YES;
				CLANG_WARN_SUSPICIOUS_MOVE = YES;
				CLANG_WARN_UNGUARDED_AVAILABILITY = YES_AGGRESSIVE;
				CLANG_WARN_UNREACHABLE_CODE = YES;
				CLANG_WARN__DUPLICATE_METHOD_MATCH = YES;
				COPY_PHASE_STRIP = NO;
				DEBUG_INFORMATION_FORMAT = dwarf;
				ENABLE_STRICT_OBJC_MSGSEND = YES;
				ENABLE_TESTABILITY = YES;
				ENABLE_USER_SCRIPT_SANDBOXING = YES;
				GCC_C_LANGUAGE_STANDARD = gnu17;
				GCC_DYNAMIC_NO_PIC = NO;
				GCC_NO_COMMON_BLOCKS = YES;
				GCC_OPTIMIZATION_LEVEL = 0;
				GCC_PREPROCESSOR_DEFINITIONS = (
					"DEBUG=1",
					"$(inherited)",
				);
				GCC_WARN_64_TO_32_BIT_CONVERSION = YES;
				GCC_WARN_ABOUT_RETURN_TYPE = YES_ERROR;
				GCC_WARN_UNDECLARED_SELECTOR = YES;
				GCC_WARN_UNINITIALIZED_AUTOS = YES_AGGRESSIVE;
				GCC_WARN_UNUSED_FUNCTION = YES;
				GCC_WARN_UNUSED_VARIABLE = YES;
				IPHONEOS_DEPLOYMENT_TARGET = 18.1;
				LOCALIZATION_PREFERS_STRING_CATALOGS = YES;
				MTL_ENABLE_DEBUG_INFO = INCLUDE_SOURCE;
				MTL_FAST_MATH = YES;
				ONLY_ACTIVE_ARCH = YES;
				SDKROOT = iphoneos;
				SWIFT_ACTIVE_COMPILATION_CONDITIONS = "DEBUG $(inherited)";
				SWIFT_OPTIMIZATION_LEVEL = "-Onone";
			};
			name = Debug;
		};
		D8F255DD2CDC9CC800A283AD /* Release */ = {
			isa = XCBuildConfiguration;
			buildSettings = {
				ALWAYS_SEARCH_USER_PATHS = NO;
				ASSETCATALOG_COMPILER_GENERATE_SWIFT_ASSET_SYMBOL_EXTENSIONS = YES;
				CLANG_ANALYZER_NONNULL = YES;
				CLANG_ANALYZER_NUMBER_OBJECT_CONVERSION = YES_AGGRESSIVE;
				CLANG_CXX_LANGUAGE_STANDARD = "gnu++20";
				CLANG_ENABLE_MODULES = YES;
				CLANG_ENABLE_OBJC_ARC = YES;
				CLANG_ENABLE_OBJC_WEAK = YES;
				CLANG_WARN_BLOCK_CAPTURE_AUTORELEASING = YES;
				CLANG_WARN_BOOL_CONVERSION = YES;
				CLANG_WARN_COMMA = YES;
				CLANG_WARN_CONSTANT_CONVERSION = YES;
				CLANG_WARN_DEPRECATED_OBJC_IMPLEMENTATIONS = YES;
				CLANG_WARN_DIRECT_OBJC_ISA_USAGE = YES_ERROR;
				CLANG_WARN_DOCUMENTATION_COMMENTS = YES;
				CLANG_WARN_EMPTY_BODY = YES;
				CLANG_WARN_ENUM_CONVERSION = YES;
				CLANG_WARN_INFINITE_RECURSION = YES;
				CLANG_WARN_INT_CONVERSION = YES;
				CLANG_WARN_NON_LITERAL_NULL_CONVERSION = YES;
				CLANG_WARN_OBJC_IMPLICIT_RETAIN_SELF = YES;
				CLANG_WARN_OBJC_LITERAL_CONVERSION = YES;
				CLANG_WARN_OBJC_ROOT_CLASS = YES_ERROR;
				CLANG_WARN_QUOTED_INCLUDE_IN_FRAMEWORK_HEADER = YES;
				CLANG_WARN_RANGE_LOOP_ANALYSIS = YES;
				CLANG_WARN_STRICT_PROTOTYPES = YES;
				CLANG_WARN_SUSPICIOUS_MOVE = YES;
				CLANG_WARN_UNGUARDED_AVAILABILITY = YES_AGGRESSIVE;
				CLANG_WARN_UNREACHABLE_CODE = YES;
				CLANG_WARN__DUPLICATE_METHOD_MATCH = YES;
				COPY_PHASE_STRIP = NO;
				DEBUG_INFORMATION_FORMAT = "dwarf-with-dsym";
				ENABLE_NS_ASSERTIONS = NO;
				ENABLE_STRICT_OBJC_MSGSEND = YES;
				ENABLE_USER_SCRIPT_SANDBOXING = YES;
				GCC_C_LANGUAGE_STANDARD = gnu17;
				GCC_NO_COMMON_BLOCKS = YES;
				GCC_WARN_64_TO_32_BIT_CONVERSION = YES;
				GCC_WARN_ABOUT_RETURN_TYPE = YES_ERROR;
				GCC_WARN_UNDECLARED_SELECTOR = YES;
				GCC_WARN_UNINITIALIZED_AUTOS = YES_AGGRESSIVE;
				GCC_WARN_UNUSED_FUNCTION = YES;
				GCC_WARN_UNUSED_VARIABLE = YES;
				IPHONEOS_DEPLOYMENT_TARGET = 18.1;
				LOCALIZATION_PREFERS_STRING_CATALOGS = YES;
				MTL_ENABLE_DEBUG_INFO = NO;
				MTL_FAST_MATH = YES;
				SDKROOT = iphoneos;
				SWIFT_COMPILATION_MODE = wholemodule;
				VALIDATE_PRODUCT = YES;
			};
			name = Release;
		};
		D8F255DF2CDC9CC800A283AD /* Debug */ = {
			isa = XCBuildConfiguration;
			buildSettings = {
				BUNDLE_LOADER = "$(TEST_HOST)";
				CODE_SIGN_STYLE = Automatic;
				CURRENT_PROJECT_VERSION = 1;
				DEVELOPMENT_TEAM = C7HPXBX4D7;
				GENERATE_INFOPLIST_FILE = YES;
				IPHONEOS_DEPLOYMENT_TARGET = 18.1;
				MARKETING_VERSION = 1.0;
				PRODUCT_BUNDLE_IDENTIFIER = com.sunrizz.AnkiMateTests;
				PRODUCT_NAME = "$(TARGET_NAME)";
				SWIFT_EMIT_LOC_STRINGS = NO;
				SWIFT_VERSION = 5.0;
				TARGETED_DEVICE_FAMILY = "1,2";
				TEST_HOST = "$(BUILT_PRODUCTS_DIR)/AnkiMate.app/$(BUNDLE_EXECUTABLE_FOLDER_PATH)/AnkiMate";
			};
			name = Debug;
		};
		D8F255E02CDC9CC800A283AD /* Release */ = {
			isa = XCBuildConfiguration;
			buildSettings = {
				BUNDLE_LOADER = "$(TEST_HOST)";
				CODE_SIGN_STYLE = Automatic;
				CURRENT_PROJECT_VERSION = 1;
				DEVELOPMENT_TEAM = C7HPXBX4D7;
				GENERATE_INFOPLIST_FILE = YES;
				IPHONEOS_DEPLOYMENT_TARGET = 18.1;
				MARKETING_VERSION = 1.0;
				PRODUCT_BUNDLE_IDENTIFIER = com.sunrizz.AnkiMateTests;
				PRODUCT_NAME = "$(TARGET_NAME)";
				SWIFT_EMIT_LOC_STRINGS = NO;
				SWIFT_VERSION = 5.0;
				TARGETED_DEVICE_FAMILY = "1,2";
				TEST_HOST = "$(BUILT_PRODUCTS_DIR)/AnkiMate.app/$(BUNDLE_EXECUTABLE_FOLDER_PATH)/AnkiMate";
			};
			name = Release;
		};
		D8F255E22CDC9CC800A283AD /* Debug */ = {
			isa = XCBuildConfiguration;
			buildSettings = {
				CODE_SIGN_STYLE = Automatic;
				CURRENT_PROJECT_VERSION = 1;
				DEVELOPMENT_TEAM = C7HPXBX4D7;
				GENERATE_INFOPLIST_FILE = YES;
				MARKETING_VERSION = 1.0;
				PRODUCT_BUNDLE_IDENTIFIER = com.sunrizz.AnkiMateUITests;
				PRODUCT_NAME = "$(TARGET_NAME)";
				SWIFT_EMIT_LOC_STRINGS = NO;
				SWIFT_VERSION = 5.0;
				TARGETED_DEVICE_FAMILY = "1,2";
				TEST_TARGET_NAME = AnkiMate;
			};
			name = Debug;
		};
		D8F255E32CDC9CC800A283AD /* Release */ = {
			isa = XCBuildConfiguration;
			buildSettings = {
				CODE_SIGN_STYLE = Automatic;
				CURRENT_PROJECT_VERSION = 1;
				DEVELOPMENT_TEAM = C7HPXBX4D7;
				GENERATE_INFOPLIST_FILE = YES;
				MARKETING_VERSION = 1.0;
				PRODUCT_BUNDLE_IDENTIFIER = com.sunrizz.AnkiMateUITests;
				PRODUCT_NAME = "$(TARGET_NAME)";
				SWIFT_EMIT_LOC_STRINGS = NO;
				SWIFT_VERSION = 5.0;
				TARGETED_DEVICE_FAMILY = "1,2";
				TEST_TARGET_NAME = AnkiMate;
			};
			name = Release;
		};
/* End XCBuildConfiguration section */

/* Begin XCConfigurationList section */
		D8F255AD2CDC9CC600A283AD /* Build configuration list for PBXProject "AnkiMate" */ = {
			isa = XCConfigurationList;
			buildConfigurations = (
				D8F255DC2CDC9CC800A283AD /* Debug */,
				D8F255DD2CDC9CC800A283AD /* Release */,
			);
			defaultConfigurationIsVisible = 0;
			defaultConfigurationName = Release;
		};
		D8F255D92CDC9CC800A283AD /* Build configuration list for PBXNativeTarget "AnkiMate" */ = {
			isa = XCConfigurationList;
			buildConfigurations = (
				D8F255DA2CDC9CC800A283AD /* Debug */,
				D8F255DB2CDC9CC800A283AD /* Release */,
			);
			defaultConfigurationIsVisible = 0;
			defaultConfigurationName = Release;
		};
		D8F255DE2CDC9CC800A283AD /* Build configuration list for PBXNativeTarget "AnkiMateTests" */ = {
			isa = XCConfigurationList;
			buildConfigurations = (
				D8F255DF2CDC9CC800A283AD /* Debug */,
				D8F255E02CDC9CC800A283AD /* Release */,
			);
			defaultConfigurationIsVisible = 0;
			defaultConfigurationName = Release;
		};
		D8F255E12CDC9CC800A283AD /* Build configuration list for PBXNativeTarget "AnkiMateUITests" */ = {
			isa = XCConfigurationList;
			buildConfigurations = (
				D8F255E22CDC9CC800A283AD /* Debug */,
				D8F255E32CDC9CC800A283AD /* Release */,
			);
			defaultConfigurationIsVisible = 0;
			defaultConfigurationName = Release;
		};
/* End XCConfigurationList section */
	};
	rootObject = D8F255AA2CDC9CC600A283AD /* Project object */;
}
